
Microsoft Visual Studio Solution File, Format Version 12.00
# Visual Studio Version 17
VisualStudioVersion = 17.5.33103.201
MinimumVisualStudioVersion = 10.0.40219.1
Project("{FAE04EC0-301F-11D3-BF4B-00C04F79EFBC}") = "LearnAPI", "LearnAPI.csproj", "{C7888EDB-D928-4063-A8EC-4308E1275C98}"
EndProject
Global
	GlobalSection(SolutionConfigurationPlatforms) = preSolution
		Debug|Any CPU = Debug|Any CPU
		Release|Any CPU = Release|Any CPU
	EndGlobalSection
	GlobalSection(ProjectConfigurationPlatforms) = postSolution
		{C7888EDB-D928-4063-A8EC-4308E1275C98}.Debug|Any CPU.ActiveCfg = Debug|Any CPU
		{C7888EDB-D928-4063-A8EC-4308E1275C98}.Debug|Any CPU.Build.0 = Debug|Any CPU
		{C7888EDB-D928-4063-A8EC-4308E1275C98}.Release|Any CPU.ActiveCfg = Release|Any CPU
		{C7888EDB-D928-4063-A8EC-4308E1275C98}.Release|Any CPU.Build.0 = Release|Any CPU
	EndGlobalSection
	GlobalSection(SolutionProperties) = preSolution
		HideSolutionNode = FALSE
	EndGlobalSection
	GlobalSection(ExtensibilityGlobals) = postSolution
		SolutionGuid = {183290FD-B4A1-4E83-9AED-E8A5BC8339B6}
	EndGlobalSection
EndGlobal
